
Microsoft Visual Studio Solution File, Format Version 12.00
# Visual Studio 15
VisualStudioVersion = 15.0.27130.2027
MinimumVisualStudioVersion = 10.0.40219.1
Project("{FAE04EC0-301F-11D3-BF4B-00C04F79EFBC}") = "BankaIslemleri", "BankaIslemleri\BankaIslemleri.csproj", "{10FC346C-CCCD-47D5-BA97-529361266D47}"
EndProject
Project("{FAE04EC0-301F-11D3-BF4B-00C04F79EFBC}") = "BankaIslemleri.Data", "BankaIslemleri.Data\BankaIslemleri.Data.csproj", "{431FF18F-153A-4266-8049-F2EF5119E3D8}"
EndProject
Project("{FAE04EC0-301F-11D3-BF4B-00C04F79EFBC}") = "BankaIslemleri.Services", "BankaIslemleri.Services\BankaIslemleri.Services.csproj", "{52D9560A-5C78-4A6F-81D6-DFF816995A89}"
EndProject
Project("{FAE04EC0-301F-11D3-BF4B-00C04F79EFBC}") = "BankaIslemleri.Test", "BankaIslemleri.Test\BankaIslemleri.Test.csproj", "{C9491B5E-61D6-4345-983A-38EA85FD079F}"
EndProject
Global
	GlobalSection(SolutionConfigurationPlatforms) = preSolution
		Debug|Any CPU = Debug|Any CPU
		Release|Any CPU = Release|Any CPU
	EndGlobalSection
	GlobalSection(ProjectConfigurationPlatforms) = postSolution
		{10FC346C-CCCD-47D5-BA97-529361266D47}.Debug|Any CPU.ActiveCfg = Debug|Any CPU
		{10FC346C-CCCD-47D5-BA97-529361266D47}.Debug|Any CPU.Build.0 = Debug|Any CPU
		{10FC346C-CCCD-47D5-BA97-529361266D47}.Release|Any CPU.ActiveCfg = Release|Any CPU
		{10FC346C-CCCD-47D5-BA97-529361266D47}.Release|Any CPU.Build.0 = Release|Any CPU
		{431FF18F-153A-4266-8049-F2EF5119E3D8}.Debug|Any CPU.ActiveCfg = Debug|Any CPU
		{431FF18F-153A-4266-8049-F2EF5119E3D8}.Debug|Any CPU.Build.0 = Debug|Any CPU
		{431FF18F-153A-4266-8049-F2EF5119E3D8}.Release|Any CPU.ActiveCfg = Release|Any CPU
		{431FF18F-153A-4266-8049-F2EF5119E3D8}.Release|Any CPU.Build.0 = Release|Any CPU
		{52D9560A-5C78-4A6F-81D6-DFF816995A89}.Debug|Any CPU.ActiveCfg = Debug|Any CPU
		{52D9560A-5C78-4A6F-81D6-DFF816995A89}.Debug|Any CPU.Build.0 = Debug|Any CPU
		{52D9560A-5C78-4A6F-81D6-DFF816995A89}.Release|Any CPU.ActiveCfg = Release|Any CPU
		{52D9560A-5C78-4A6F-81D6-DFF816995A89}.Release|Any CPU.Build.0 = Release|Any CPU
		{C9491B5E-61D6-4345-983A-38EA85FD079F}.Debug|Any CPU.ActiveCfg = Debug|Any CPU
		{C9491B5E-61D6-4345-983A-38EA85FD079F}.Debug|Any CPU.Build.0 = Debug|Any CPU
		{C9491B5E-61D6-4345-983A-38EA85FD079F}.Release|Any CPU.ActiveCfg = Release|Any CPU
		{C9491B5E-61D6-4345-983A-38EA85FD079F}.Release|Any CPU.Build.0 = Release|Any CPU
	EndGlobalSection
	GlobalSection(SolutionProperties) = preSolution
		HideSolutionNode = FALSE
	EndGlobalSection
	GlobalSection(ExtensibilityGlobals) = postSolution
		SolutionGuid = {125935F4-66B5-465B-B877-CB8CCB930FBA}
	EndGlobalSection
EndGlobal
